// !$*UTF8*$!
{
	archiveVersion = 1;
	classes = {
	};
	objectVersion = 50;
	objects = {

/* Begin PBXBuildFile section */
		3034695F26BB441500B3FDD2 /* AppDelegate.m in Sources */ = {isa = PBXBuildFile; fileRef = 3034695E26BB441500B3FDD2 /* AppDelegate.m */; };
		3034696226BB441500B3FDD2 /* SceneDelegate.m in Sources */ = {isa = PBXBuildFile; fileRef = 3034696126BB441500B3FDD2 /* SceneDelegate.m */; };
		3034696526BB441500B3FDD2 /* ViewController.m in Sources */ = {isa = PBXBuildFile; fileRef = 3034696426BB441500B3FDD2 /* ViewController.m */; };
		3034696826BB441500B3FDD2 /* Main.storyboard in Resources */ = {isa = PBXBuildFile; fileRef = 3034696626BB441500B3FDD2 /* Main.storyboard */; };
		3034696D26BB441800B3FDD2 /* Assets.xcassets in Resources */ = {isa = PBXBuildFile; fileRef = 3034696C26BB441800B3FDD2 /* Assets.xcassets */; };
		3034697026BB441800B3FDD2 /* LaunchScreen.storyboard in Resources */ = {isa = PBXBuildFile; fileRef = 3034696E26BB441800B3FDD2 /* LaunchScreen.storyboard */; };
		3034697326BB441800B3FDD2 /* main.m in Sources */ = {isa = PBXBuildFile; fileRef = 3034697226BB441800B3FDD2 /* main.m */; };
		3034697D26BB441800B3FDD2 /* WarStarsBrowserTests.m in Sources */ = {isa = PBXBuildFile; fileRef = 3034697C26BB441800B3FDD2 /* WarStarsBrowserTests.m */; };
		3034698826BB441900B3FDD2 /* WarStarsBrowserUITests.m in Sources */ = {isa = PBXBuildFile; fileRef = 3034698726BB441900B3FDD2 /* WarStarsBrowserUITests.m */; };
		3034699826BB4D9B00B3FDD2 /* NSURLSessionService.m in Sources */ = {isa = PBXBuildFile; fileRef = 3034699726BB4D9B00B3FDD2 /* NSURLSessionService.m */; };
		3034699B26BB51AF00B3FDD2 /* Film.m in Sources */ = {isa = PBXBuildFile; fileRef = 3034699A26BB51AF00B3FDD2 /* Film.m */; };
		3058E65E26BCA1EF009DE75A /* ServiceLocator.m in Sources */ = {isa = PBXBuildFile; fileRef = 3058E65D26BCA1EF009DE75A /* ServiceLocator.m */; };
		3058E66126BDDA4C009DE75A /* DetailViewController.m in Sources */ = {isa = PBXBuildFile; fileRef = 3058E66026BDDA4C009DE75A /* DetailViewController.m */; };
		3058E66926BDF475009DE75A /* StarJedi-DGRW.ttf in Resources */ = {isa = PBXBuildFile; fileRef = 3058E66626BDF475009DE75A /* StarJedi-DGRW.ttf */; };
		3058E66A26BDF475009DE75A /* StarJediHollow-A4lL.ttf in Resources */ = {isa = PBXBuildFile; fileRef = 3058E66726BDF475009DE75A /* StarJediHollow-A4lL.ttf */; };
		3058E66B26BDF475009DE75A /* StarJediRounded-jW3R.ttf in Resources */ = {isa = PBXBuildFile; fileRef = 3058E66826BDF475009DE75A /* StarJediRounded-jW3R.ttf */; };
		3058E69226BE8839009DE75A /* CoreDataService.m in Sources */ = {isa = PBXBuildFile; fileRef = 3058E69126BE8839009DE75A /* CoreDataService.m */; };
		3058E69326BE8DBF009DE75A /* WarStarsBrowser.xcdatamodeld in Sources */ = {isa = PBXBuildFile; fileRef = 3034696926BB441500B3FDD2 /* WarStarsBrowser.xcdatamodeld */; };
/* End PBXBuildFile section */

/* Begin PBXContainerItemProxy section */
		3034697926BB441800B3FDD2 /* PBXContainerItemProxy */ = {
			isa = PBXContainerItemProxy;
			containerPortal = 3034695226BB441500B3FDD2 /* Project object */;
			proxyType = 1;
			remoteGlobalIDString = 3034695926BB441500B3FDD2;
			remoteInfo = WarStarsBrowser;
		};
		3034698426BB441900B3FDD2 /* PBXContainerItemProxy */ = {
			isa = PBXContainerItemProxy;
			containerPortal = 3034695226BB441500B3FDD2 /* Project object */;
			proxyType = 1;
			remoteGlobalIDString = 3034695926BB441500B3FDD2;
			remoteInfo = WarStarsBrowser;
		};
/* End PBXContainerItemProxy section */

/* Begin PBXFileReference section */
		3034695A26BB441500B3FDD2 /* WarStarsBrowser.app */ = {isa = PBXFileReference; explicitFileType = wrapper.application; includeInIndex = 0; path = WarStarsBrowser.app; sourceTree = BUILT_PRODUCTS_DIR; };
		3034695D26BB441500B3FDD2 /* AppDelegate.h */ = {isa = PBXFileReference; lastKnownFileType = sourcecode.c.h; path = AppDelegate.h; sourceTree = "<group>"; };
		3034695E26BB441500B3FDD2 /* AppDelegate.m */ = {isa = PBXFileReference; lastKnownFileType = sourcecode.c.objc; path = AppDelegate.m; sourceTree = "<group>"; };
		3034696026BB441500B3FDD2 /* SceneDelegate.h */ = {isa = PBXFileReference; lastKnownFileType = sourcecode.c.h; path = SceneDelegate.h; sourceTree = "<group>"; };
		3034696126BB441500B3FDD2 /* SceneDelegate.m */ = {isa = PBXFileReference; lastKnownFileType = sourcecode.c.objc; path = SceneDelegate.m; sourceTree = "<group>"; };
		3034696326BB441500B3FDD2 /* ViewController.h */ = {isa = PBXFileReference; lastKnownFileType = sourcecode.c.h; path = ViewController.h; sourceTree = "<group>"; };
		3034696426BB441500B3FDD2 /* ViewController.m */ = {isa = PBXFileReference; lastKnownFileType = sourcecode.c.objc; path = ViewController.m; sourceTree = "<group>"; };
		3034696726BB441500B3FDD2 /* Base */ = {isa = PBXFileReference; lastKnownFileType = file.storyboard; name = Base; path = Base.lproj/Main.storyboard; sourceTree = "<group>"; };
		3034696A26BB441500B3FDD2 /* WarStarsBrowser.xcdatamodel */ = {isa = PBXFileReference; lastKnownFileType = wrapper.xcdatamodel; path = WarStarsBrowser.xcdatamodel; sourceTree = "<group>"; };
		3034696C26BB441800B3FDD2 /* Assets.xcassets */ = {isa = PBXFileReference; lastKnownFileType = folder.assetcatalog; path = Assets.xcassets; sourceTree = "<group>"; };
		3034696F26BB441800B3FDD2 /* Base */ = {isa = PBXFileReference; lastKnownFileType = file.storyboard; name = Base; path = Base.lproj/LaunchScreen.storyboard; sourceTree = "<group>"; };
		3034697126BB441800B3FDD2 /* Info.plist */ = {isa = PBXFileReference; lastKnownFileType = text.plist.xml; path = Info.plist; sourceTree = "<group>"; };
		3034697226BB441800B3FDD2 /* main.m */ = {isa = PBXFileReference; lastKnownFileType = sourcecode.c.objc; path = main.m; sourceTree = "<group>"; };
		3034697826BB441800B3FDD2 /* WarStarsBrowserTests.xctest */ = {isa = PBXFileReference; explicitFileType = wrapper.cfbundle; includeInIndex = 0; path = WarStarsBrowserTests.xctest; sourceTree = BUILT_PRODUCTS_DIR; };
		3034697C26BB441800B3FDD2 /* WarStarsBrowserTests.m */ = {isa = PBXFileReference; lastKnownFileType = sourcecode.c.objc; path = WarStarsBrowserTests.m; sourceTree = "<group>"; };
		3034697E26BB441800B3FDD2 /* Info.plist */ = {isa = PBXFileReference; lastKnownFileType = text.plist.xml; path = Info.plist; sourceTree = "<group>"; };
		3034698326BB441900B3FDD2 /* WarStarsBrowserUITests.xctest */ = {isa = PBXFileReference; explicitFileType = wrapper.cfbundle; includeInIndex = 0; path = WarStarsBrowserUITests.xctest; sourceTree = BUILT_PRODUCTS_DIR; };
		3034698726BB441900B3FDD2 /* WarStarsBrowserUITests.m */ = {isa = PBXFileReference; lastKnownFileType = sourcecode.c.objc; path = WarStarsBrowserUITests.m; sourceTree = "<group>"; };
		3034698926BB441900B3FDD2 /* Info.plist */ = {isa = PBXFileReference; lastKnownFileType = text.plist.xml; path = Info.plist; sourceTree = "<group>"; };
		3034699526BB45D300B3FDD2 /* NetworkService.h */ = {isa = PBXFileReference; lastKnownFileType = sourcecode.c.h; path = NetworkService.h; sourceTree = "<group>"; };
		3034699626BB4D9B00B3FDD2 /* NSURLSessionService.h */ = {isa = PBXFileReference; lastKnownFileType = sourcecode.c.h; path = NSURLSessionService.h; sourceTree = "<group>"; };
		3034699726BB4D9B00B3FDD2 /* NSURLSessionService.m */ = {isa = PBXFileReference; lastKnownFileType = sourcecode.c.objc; path = NSURLSessionService.m; sourceTree = "<group>"; };
		3034699926BB51AF00B3FDD2 /* Film.h */ = {isa = PBXFileReference; lastKnownFileType = sourcecode.c.h; path = Film.h; sourceTree = "<group>"; };
		3034699A26BB51AF00B3FDD2 /* Film.m */ = {isa = PBXFileReference; lastKnownFileType = sourcecode.c.objc; path = Film.m; sourceTree = "<group>"; };
		3058E65C26BCA1EF009DE75A /* ServiceLocator.h */ = {isa = PBXFileReference; lastKnownFileType = sourcecode.c.h; path = ServiceLocator.h; sourceTree = "<group>"; };
		3058E65D26BCA1EF009DE75A /* ServiceLocator.m */ = {isa = PBXFileReference; lastKnownFileType = sourcecode.c.objc; path = ServiceLocator.m; sourceTree = "<group>"; };
		3058E65F26BDDA4C009DE75A /* DetailViewController.h */ = {isa = PBXFileReference; lastKnownFileType = sourcecode.c.h; path = DetailViewController.h; sourceTree = "<group>"; };
		3058E66026BDDA4C009DE75A /* DetailViewController.m */ = {isa = PBXFileReference; lastKnownFileType = sourcecode.c.objc; path = DetailViewController.m; sourceTree = "<group>"; };
		3058E66626BDF475009DE75A /* StarJedi-DGRW.ttf */ = {isa = PBXFileReference; lastKnownFileType = file; path = "StarJedi-DGRW.ttf"; sourceTree = "<group>"; };
		3058E66726BDF475009DE75A /* StarJediHollow-A4lL.ttf */ = {isa = PBXFileReference; lastKnownFileType = file; path = "StarJediHollow-A4lL.ttf"; sourceTree = "<group>"; };
		3058E66826BDF475009DE75A /* StarJediRounded-jW3R.ttf */ = {isa = PBXFileReference; lastKnownFileType = file; path = "StarJediRounded-jW3R.ttf"; sourceTree = "<group>"; };
		3058E68F26BE8739009DE75A /* PersistenceService.h */ = {isa = PBXFileReference; lastKnownFileType = sourcecode.c.h; path = PersistenceService.h; sourceTree = "<group>"; };
		3058E69026BE8839009DE75A /* CoreDataService.h */ = {isa = PBXFileReference; lastKnownFileType = sourcecode.c.h; path = CoreDataService.h; sourceTree = "<group>"; };
		3058E69126BE8839009DE75A /* CoreDataService.m */ = {isa = PBXFileReference; lastKnownFileType = sourcecode.c.objc; path = CoreDataService.m; sourceTree = "<group>"; };
/* End PBXFileReference section */

/* Begin PBXFrameworksBuildPhase section */
		3034695726BB441500B3FDD2 /* Frameworks */ = {
			isa = PBXFrameworksBuildPhase;
			buildActionMask = 2147483647;
			files = (
			);
			runOnlyForDeploymentPostprocessing = 0;
		};
		3034697526BB441800B3FDD2 /* Frameworks */ = {
			isa = PBXFrameworksBuildPhase;
			buildActionMask = 2147483647;
			files = (
			);
			runOnlyForDeploymentPostprocessing = 0;
		};
		3034698026BB441900B3FDD2 /* Frameworks */ = {
			isa = PBXFrameworksBuildPhase;
			buildActionMask = 2147483647;
			files = (
			);
			runOnlyForDeploymentPostprocessing = 0;
		};
/* End PBXFrameworksBuildPhase section */

/* Begin PBXGroup section */
		3034695126BB441500B3FDD2 = {
			isa = PBXGroup;
			children = (
				3034695C26BB441500B3FDD2 /* WarStarsBrowser */,
				3034697B26BB441800B3FDD2 /* WarStarsBrowserTests */,
				3034698626BB441900B3FDD2 /* WarStarsBrowserUITests */,
				3034695B26BB441500B3FDD2 /* Products */,
			);
			sourceTree = "<group>";
		};
		3034695B26BB441500B3FDD2 /* Products */ = {
			isa = PBXGroup;
			children = (
				3034695A26BB441500B3FDD2 /* WarStarsBrowser.app */,
				3034697826BB441800B3FDD2 /* WarStarsBrowserTests.xctest */,
				3034698326BB441900B3FDD2 /* WarStarsBrowserUITests.xctest */,
			);
			name = Products;
			sourceTree = "<group>";
		};
		3034695C26BB441500B3FDD2 /* WarStarsBrowser */ = {
			isa = PBXGroup;
			children = (
				3058E66226BDF0EF009DE75A /* Fonts */,
				3034695D26BB441500B3FDD2 /* AppDelegate.h */,
				3034695E26BB441500B3FDD2 /* AppDelegate.m */,
				3034696026BB441500B3FDD2 /* SceneDelegate.h */,
				3034696126BB441500B3FDD2 /* SceneDelegate.m */,
				3034696326BB441500B3FDD2 /* ViewController.h */,
				3034696426BB441500B3FDD2 /* ViewController.m */,
				3034696626BB441500B3FDD2 /* Main.storyboard */,
				3034696C26BB441800B3FDD2 /* Assets.xcassets */,
				3034696E26BB441800B3FDD2 /* LaunchScreen.storyboard */,
				3034697126BB441800B3FDD2 /* Info.plist */,
				3034697226BB441800B3FDD2 /* main.m */,
				3034696926BB441500B3FDD2 /* WarStarsBrowser.xcdatamodeld */,
				3034699526BB45D300B3FDD2 /* NetworkService.h */,
				3034699626BB4D9B00B3FDD2 /* NSURLSessionService.h */,
				3034699726BB4D9B00B3FDD2 /* NSURLSessionService.m */,
				3034699926BB51AF00B3FDD2 /* Film.h */,
				3034699A26BB51AF00B3FDD2 /* Film.m */,
				3058E65C26BCA1EF009DE75A /* ServiceLocator.h */,
				3058E65D26BCA1EF009DE75A /* ServiceLocator.m */,
				3058E65F26BDDA4C009DE75A /* DetailViewController.h */,
				3058E66026BDDA4C009DE75A /* DetailViewController.m */,
				3058E68F26BE8739009DE75A /* PersistenceService.h */,
				3058E69026BE8839009DE75A /* CoreDataService.h */,
				3058E69126BE8839009DE75A /* CoreDataService.m */,
			);
			path = WarStarsBrowser;
			sourceTree = "<group>";
		};
		3034697B26BB441800B3FDD2 /* WarStarsBrowserTests */ = {
			isa = PBXGroup;
			children = (
				3034697C26BB441800B3FDD2 /* WarStarsBrowserTests.m */,
				3034697E26BB441800B3FDD2 /* Info.plist */,
			);
			path = WarStarsBrowserTests;
			sourceTree = "<group>";
		};
		3034698626BB441900B3FDD2 /* WarStarsBrowserUITests */ = {
			isa = PBXGroup;
			children = (
				3034698726BB441900B3FDD2 /* WarStarsBrowserUITests.m */,
				3034698926BB441900B3FDD2 /* Info.plist */,
			);
			path = WarStarsBrowserUITests;
			sourceTree = "<group>";
		};
		3058E66226BDF0EF009DE75A /* Fonts */ = {
			isa = PBXGroup;
			children = (
				3058E66626BDF475009DE75A /* StarJedi-DGRW.ttf */,
				3058E66726BDF475009DE75A /* StarJediHollow-A4lL.ttf */,
				3058E66826BDF475009DE75A /* StarJediRounded-jW3R.ttf */,
			);
			path = Fonts;
			sourceTree = "<group>";
		};
/* End PBXGroup section */

/* Begin PBXNativeTarget section */
		3034695926BB441500B3FDD2 /* WarStarsBrowser */ = {
			isa = PBXNativeTarget;
			buildConfigurationList = 3034698C26BB441900B3FDD2 /* Build configuration list for PBXNativeTarget "WarStarsBrowser" */;
			buildPhases = (
				3034695626BB441500B3FDD2 /* Sources */,
				3034695726BB441500B3FDD2 /* Frameworks */,
				3034695826BB441500B3FDD2 /* Resources */,
			);
			buildRules = (
			);
			dependencies = (
			);
			name = WarStarsBrowser;
			productName = WarStarsBrowser;
			productReference = 3034695A26BB441500B3FDD2 /* WarStarsBrowser.app */;
			productType = "com.apple.product-type.application";
		};
		3034697726BB441800B3FDD2 /* WarStarsBrowserTests */ = {
			isa = PBXNativeTarget;
			buildConfigurationList = 3034698F26BB441900B3FDD2 /* Build configuration list for PBXNativeTarget "WarStarsBrowserTests" */;
			buildPhases = (
				3034697426BB441800B3FDD2 /* Sources */,
				3034697526BB441800B3FDD2 /* Frameworks */,
				3034697626BB441800B3FDD2 /* Resources */,
			);
			buildRules = (
			);
			dependencies = (
				3034697A26BB441800B3FDD2 /* PBXTargetDependency */,
			);
			name = WarStarsBrowserTests;
			productName = WarStarsBrowserTests;
			productReference = 3034697826BB441800B3FDD2 /* WarStarsBrowserTests.xctest */;
			productType = "com.apple.product-type.bundle.unit-test";
		};
		3034698226BB441900B3FDD2 /* WarStarsBrowserUITests */ = {
			isa = PBXNativeTarget;
			buildConfigurationList = 3034699226BB441900B3FDD2 /* Build configuration list for PBXNativeTarget "WarStarsBrowserUITests" */;
			buildPhases = (
				3034697F26BB441900B3FDD2 /* Sources */,
				3034698026BB441900B3FDD2 /* Frameworks */,
				3034698126BB441900B3FDD2 /* Resources */,
			);
			buildRules = (
			);
			dependencies = (
				3034698526BB441900B3FDD2 /* PBXTargetDependency */,
			);
			name = WarStarsBrowserUITests;
			productName = WarStarsBrowserUITests;
			productReference = 3034698326BB441900B3FDD2 /* WarStarsBrowserUITests.xctest */;
			productType = "com.apple.product-type.bundle.ui-testing";
		};
/* End PBXNativeTarget section */

/* Begin PBXProject section */
		3034695226BB441500B3FDD2 /* Project object */ = {
			isa = PBXProject;
			attributes = {
				LastUpgradeCheck = 1250;
				TargetAttributes = {
					3034695926BB441500B3FDD2 = {
						CreatedOnToolsVersion = 12.5.1;
					};
					3034697726BB441800B3FDD2 = {
						CreatedOnToolsVersion = 12.5.1;
						TestTargetID = 3034695926BB441500B3FDD2;
					};
					3034698226BB441900B3FDD2 = {
						CreatedOnToolsVersion = 12.5.1;
						TestTargetID = 3034695926BB441500B3FDD2;
					};
				};
			};
			buildConfigurationList = 3034695526BB441500B3FDD2 /* Build configuration list for PBXProject "WarStarsBrowser" */;
			compatibilityVersion = "Xcode 9.3";
			developmentRegion = en;
			hasScannedForEncodings = 0;
			knownRegions = (
				en,
				Base,
			);
			mainGroup = 3034695126BB441500B3FDD2;
			productRefGroup = 3034695B26BB441500B3FDD2 /* Products */;
			projectDirPath = "";
			projectRoot = "";
			targets = (
				3034695926BB441500B3FDD2 /* WarStarsBrowser */,
				3034697726BB441800B3FDD2 /* WarStarsBrowserTests */,
				3034698226BB441900B3FDD2 /* WarStarsBrowserUITests */,
			);
		};
/* End PBXProject section */

/* Begin PBXResourcesBuildPhase section */
		3034695826BB441500B3FDD2 /* Resources */ = {
			isa = PBXResourcesBuildPhase;
			buildActionMask = 2147483647;
			files = (
				3058E66926BDF475009DE75A /* StarJedi-DGRW.ttf in Resources */,
				3034697026BB441800B3FDD2 /* LaunchScreen.storyboard in Resources */,
				3034696D26BB441800B3FDD2 /* Assets.xcassets in Resources */,
				3034696826BB441500B3FDD2 /* Main.storyboard in Resources */,
				3058E66B26BDF475009DE75A /* StarJediRounded-jW3R.ttf in Resources */,
				3058E66A26BDF475009DE75A /* StarJediHollow-A4lL.ttf in Resources */,
			);
			runOnlyForDeploymentPostprocessing = 0;
		};
		3034697626BB441800B3FDD2 /* Resources */ = {
			isa = PBXResourcesBuildPhase;
			buildActionMask = 2147483647;
			files = (
			);
			runOnlyForDeploymentPostprocessing = 0;
		};
		3034698126BB441900B3FDD2 /* Resources */ = {
			isa = PBXResourcesBuildPhase;
			buildActionMask = 2147483647;
			files = (
			);
			runOnlyForDeploymentPostprocessing = 0;
		};
/* End PBXResourcesBuildPhase section */

/* Begin PBXSourcesBuildPhase section */
		3034695626BB441500B3FDD2 /* Sources */ = {
			isa = PBXSourcesBuildPhase;
			buildActionMask = 2147483647;
			files = (
				3058E69326BE8DBF009DE75A /* WarStarsBrowser.xcdatamodeld in Sources */,
				3058E65E26BCA1EF009DE75A /* ServiceLocator.m in Sources */,
				3034697326BB441800B3FDD2 /* main.m in Sources */,
				3058E69226BE8839009DE75A /* CoreDataService.m in Sources */,
				3058E66126BDDA4C009DE75A /* DetailViewController.m in Sources */,
				3034696526BB441500B3FDD2 /* ViewController.m in Sources */,
				3034695F26BB441500B3FDD2 /* AppDelegate.m in Sources */,
				3034696226BB441500B3FDD2 /* SceneDelegate.m in Sources */,
				3034699826BB4D9B00B3FDD2 /* NSURLSessionService.m in Sources */,
				3034699B26BB51AF00B3FDD2 /* Film.m in Sources */,
			);
			runOnlyForDeploymentPostprocessing = 0;
		};
		3034697426BB441800B3FDD2 /* Sources */ = {
			isa = PBXSourcesBuildPhase;
			buildActionMask = 2147483647;
			files = (
				3034697D26BB441800B3FDD2 /* WarStarsBrowserTests.m in Sources */,
			);
			runOnlyForDeploymentPostprocessing = 0;
		};
		3034697F26BB441900B3FDD2 /* Sources */ = {
			isa = PBXSourcesBuildPhase;
			buildActionMask = 2147483647;
			files = (
				3034698826BB441900B3FDD2 /* WarStarsBrowserUITests.m in Sources */,
			);
			runOnlyForDeploymentPostprocessing = 0;
		};
/* End PBXSourcesBuildPhase section */

/* Begin PBXTargetDependency section */
		3034697A26BB441800B3FDD2 /* PBXTargetDependency */ = {
			isa = PBXTargetDependency;
			target = 3034695926BB441500B3FDD2 /* WarStarsBrowser */;
			targetProxy = 3034697926BB441800B3FDD2 /* PBXContainerItemProxy */;
		};
		3034698526BB441900B3FDD2 /* PBXTargetDependency */ = {
			isa = PBXTargetDependency;
			target = 3034695926BB441500B3FDD2 /* WarStarsBrowser */;
			targetProxy = 3034698426BB441900B3FDD2 /* PBXContainerItemProxy */;
		};
/* End PBXTargetDependency section */

/* Begin PBXVariantGroup section */
		3034696626BB441500B3FDD2 /* Main.storyboard */ = {
			isa = PBXVariantGroup;
			children = (
				3034696726BB441500B3FDD2 /* Base */,
			);
			name = Main.storyboard;
			sourceTree = "<group>";
		};
		3034696E26BB441800B3FDD2 /* LaunchScreen.storyboard */ = {
			isa = PBXVariantGroup;
			children = (
				3034696F26BB441800B3FDD2 /* Base */,
			);
			name = LaunchScreen.storyboard;
			sourceTree = "<group>";
		};
/* End PBXVariantGroup section */

/* Begin XCBuildConfiguration section */
		3034698A26BB441900B3FDD2 /* Debug */ = {
			isa = XCBuildConfiguration;
			buildSettings = {
				ALWAYS_SEARCH_USER_PATHS = NO;
				CLANG_ANALYZER_NONNULL = YES;
				CLANG_ANALYZER_NUMBER_OBJECT_CONVERSION = YES_AGGRESSIVE;
				CLANG_CXX_LANGUAGE_STANDARD = "gnu++14";
				CLANG_CXX_LIBRARY = "libc++";
				CLANG_ENABLE_MODULES = YES;
				CLANG_ENABLE_OBJC_ARC = YES;
				CLANG_ENABLE_OBJC_WEAK = YES;
				CLANG_WARN_BLOCK_CAPTURE_AUTORELEASING = YES;
				CLANG_WARN_BOOL_CONVERSION = YES;
				CLANG_WARN_COMMA = YES;
				CLANG_WARN_CONSTANT_CONVERSION = YES;
				CLANG_WARN_DEPRECATED_OBJC_IMPLEMENTATIONS = YES;
				CLANG_WARN_DIRECT_OBJC_ISA_USAGE = YES_ERROR;
				CLANG_WARN_DOCUMENTATION_COMMENTS = YES;
				CLANG_WARN_EMPTY_BODY = YES;
				CLANG_WARN_ENUM_CONVERSION = YES;
				CLANG_WARN_INFINITE_RECURSION = YES;
				CLANG_WARN_INT_CONVERSION = YES;
				CLANG_WARN_NON_LITERAL_NULL_CONVERSION = YES;
				CLANG_WARN_OBJC_IMPLICIT_RETAIN_SELF = YES;
				CLANG_WARN_OBJC_LITERAL_CONVERSION = YES;
				CLANG_WARN_OBJC_ROOT_CLASS = YES_ERROR;
				CLANG_WARN_QUOTED_INCLUDE_IN_FRAMEWORK_HEADER = YES;
				CLANG_WARN_RANGE_LOOP_ANALYSIS = YES;
				CLANG_WARN_STRICT_PROTOTYPES = YES;
				CLANG_WARN_SUSPICIOUS_MOVE = YES;
				CLANG_WARN_UNGUARDED_AVAILABILITY = YES_AGGRESSIVE;
				CLANG_WARN_UNREACHABLE_CODE = YES;
				CLANG_WARN__DUPLICATE_METHOD_MATCH = YES;
				COPY_PHASE_STRIP = NO;
				DEBUG_INFORMATION_FORMAT = dwarf;
				ENABLE_STRICT_OBJC_MSGSEND = YES;
				ENABLE_TESTABILITY = YES;
				GCC_C_LANGUAGE_STANDARD = gnu11;
				GCC_DYNAMIC_NO_PIC = NO;
				GCC_NO_COMMON_BLOCKS = YES;
				GCC_OPTIMIZATION_LEVEL = 0;
				GCC_PREPROCESSOR_DEFINITIONS = (
					"DEBUG=1",
					"$(inherited)",
				);
				GCC_WARN_64_TO_32_BIT_CONVERSION = YES;
				GCC_WARN_ABOUT_RETURN_TYPE = YES_ERROR;
				GCC_WARN_UNDECLARED_SELECTOR = YES;
				GCC_WARN_UNINITIALIZED_AUTOS = YES_AGGRESSIVE;
				GCC_WARN_UNUSED_FUNCTION = YES;
				GCC_WARN_UNUSED_VARIABLE = YES;
				IPHONEOS_DEPLOYMENT_TARGET = 14.5;
				MTL_ENABLE_DEBUG_INFO = INCLUDE_SOURCE;
				MTL_FAST_MATH = YES;
				ONLY_ACTIVE_ARCH = YES;
				SDKROOT = iphoneos;
			};
			name = Debug;
		};
		3034698B26BB441900B3FDD2 /* Release */ = {
			isa = XCBuildConfiguration;
			buildSettings = {
				ALWAYS_SEARCH_USER_PATHS = NO;
				CLANG_ANALYZER_NONNULL = YES;
				CLANG_ANALYZER_NUMBER_OBJECT_CONVERSION = YES_AGGRESSIVE;
				CLANG_CXX_LANGUAGE_STANDARD = "gnu++14";
				CLANG_CXX_LIBRARY = "libc++";
				CLANG_ENABLE_MODULES = YES;
				CLANG_ENABLE_OBJC_ARC = YES;
				CLANG_ENABLE_OBJC_WEAK = YES;
				CLANG_WARN_BLOCK_CAPTURE_AUTORELEASING = YES;
				CLANG_WARN_BOOL_CONVERSION = YES;
				CLANG_WARN_COMMA = YES;
				CLANG_WARN_CONSTANT_CONVERSION = YES;
				CLANG_WARN_DEPRECATED_OBJC_IMPLEMENTATIONS = YES;
				CLANG_WARN_DIRECT_OBJC_ISA_USAGE = YES_ERROR;
				CLANG_WARN_DOCUMENTATION_COMMENTS = YES;
				CLANG_WARN_EMPTY_BODY = YES;
				CLANG_WARN_ENUM_CONVERSION = YES;
				CLANG_WARN_INFINITE_RECURSION = YES;
				CLANG_WARN_INT_CONVERSION = YES;
				CLANG_WARN_NON_LITERAL_NULL_CONVERSION = YES;
				CLANG_WARN_OBJC_IMPLICIT_RETAIN_SELF = YES;
				CLANG_WARN_OBJC_LITERAL_CONVERSION = YES;
				CLANG_WARN_OBJC_ROOT_CLASS = YES_ERROR;
				CLANG_WARN_QUOTED_INCLUDE_IN_FRAMEWORK_HEADER = YES;
				CLANG_WARN_RANGE_LOOP_ANALYSIS = YES;
				CLANG_WARN_STRICT_PROTOTYPES = YES;
				CLANG_WARN_SUSPICIOUS_MOVE = YES;
				CLANG_WARN_UNGUARDED_AVAILABILITY = YES_AGGRESSIVE;
				CLANG_WARN_UNREACHABLE_CODE = YES;
				CLANG_WARN__DUPLICATE_METHOD_MATCH = YES;
				COPY_PHASE_STRIP = NO;
				DEBUG_INFORMATION_FORMAT = "dwarf-with-dsym";
				ENABLE_NS_ASSERTIONS = NO;
				ENABLE_STRICT_OBJC_MSGSEND = YES;
				GCC_C_LANGUAGE_STANDARD = gnu11;
				GCC_NO_COMMON_BLOCKS = YES;
				GCC_WARN_64_TO_32_BIT_CONVERSION = YES;
				GCC_WARN_ABOUT_RETURN_TYPE = YES_ERROR;
				GCC_WARN_UNDECLARED_SELECTOR = YES;
				GCC_WARN_UNINITIALIZED_AUTOS = YES_AGGRESSIVE;
				GCC_WARN_UNUSED_FUNCTION = YES;
				GCC_WARN_UNUSED_VARIABLE = YES;
				IPHONEOS_DEPLOYMENT_TARGET = 14.5;
				MTL_ENABLE_DEBUG_INFO = NO;
				MTL_FAST_MATH = YES;
				SDKROOT = iphoneos;
				VALIDATE_PRODUCT = YES;
			};
			name = Release;
		};
		3034698D26BB441900B3FDD2 /* Debug */ = {
			isa = XCBuildConfiguration;
			buildSettings = {
				ASSETCATALOG_COMPILER_APPICON_NAME = AppIcon;
				ASSETCATALOG_COMPILER_GLOBAL_ACCENT_COLOR_NAME = AccentColor;
				CODE_SIGN_STYLE = Automatic;
				DEVELOPMENT_TEAM = HV64XLDJ5T;
				INFOPLIST_FILE = WarStarsBrowser/Info.plist;
				LD_RUNPATH_SEARCH_PATHS = (
					"$(inherited)",
					"@executable_path/Frameworks",
				);
				PRODUCT_BUNDLE_IDENTIFIER = com.deeohcee.WarStarsBrowser;
				PRODUCT_NAME = "$(TARGET_NAME)";
				TARGETED_DEVICE_FAMILY = "1,2";
			};
			name = Debug;
		};
		3034698E26BB441900B3FDD2 /* Release */ = {
			isa = XCBuildConfiguration;
			buildSettings = {
				ASSETCATALOG_COMPILER_APPICON_NAME = AppIcon;
				ASSETCATALOG_COMPILER_GLOBAL_ACCENT_COLOR_NAME = AccentColor;
				CODE_SIGN_STYLE = Automatic;
				DEVELOPMENT_TEAM = HV64XLDJ5T;
				INFOPLIST_FILE = WarStarsBrowser/Info.plist;
				LD_RUNPATH_SEARCH_PATHS = (
					"$(inherited)",
					"@executable_path/Frameworks",
				);
				PRODUCT_BUNDLE_IDENTIFIER = com.deeohcee.WarStarsBrowser;
				PRODUCT_NAME = "$(TARGET_NAME)";
				TARGETED_DEVICE_FAMILY = "1,2";
			};
			name = Release;
		};
		3034699026BB441900B3FDD2 /* Debug */ = {
			isa = XCBuildConfiguration;
			buildSettings = {
				BUNDLE_LOADER = "$(TEST_HOST)";
				CODE_SIGN_STYLE = Automatic;
				DEVELOPMENT_TEAM = HV64XLDJ5T;
				INFOPLIST_FILE = WarStarsBrowserTests/Info.plist;
				IPHONEOS_DEPLOYMENT_TARGET = 14.5;
				LD_RUNPATH_SEARCH_PATHS = (
					"$(inherited)",
					"@executable_path/Frameworks",
					"@loader_path/Frameworks",
				);
				PRODUCT_BUNDLE_IDENTIFIER = com.deeohcee.WarStarsBrowserTests;
				PRODUCT_NAME = "$(TARGET_NAME)";
				TARGETED_DEVICE_FAMILY = "1,2";
				TEST_HOST = "$(BUILT_PRODUCTS_DIR)/WarStarsBrowser.app/WarStarsBrowser";
			};
			name = Debug;
		};
		3034699126BB441900B3FDD2 /* Release */ = {
			isa = XCBuildConfiguration;
			buildSettings = {
				BUNDLE_LOADER = "$(TEST_HOST)";
				CODE_SIGN_STYLE = Automatic;
				DEVELOPMENT_TEAM = HV64XLDJ5T;
				INFOPLIST_FILE = WarStarsBrowserTests/Info.plist;
				IPHONEOS_DEPLOYMENT_TARGET = 14.5;
				LD_RUNPATH_SEARCH_PATHS = (
					"$(inherited)",
					"@executable_path/Frameworks",
					"@loader_path/Frameworks",
				);
				PRODUCT_BUNDLE_IDENTIFIER = com.deeohcee.WarStarsBrowserTests;
				PRODUCT_NAME = "$(TARGET_NAME)";
				TARGETED_DEVICE_FAMILY = "1,2";
				TEST_HOST = "$(BUILT_PRODUCTS_DIR)/WarStarsBrowser.app/WarStarsBrowser";
			};
			name = Release;
		};
		3034699326BB441900B3FDD2 /* Debug */ = {
			isa = XCBuildConfiguration;
			buildSettings = {
				CODE_SIGN_STYLE = Automatic;
				DEVELOPMENT_TEAM = HV64XLDJ5T;
				INFOPLIST_FILE = WarStarsBrowserUITests/Info.plist;
				LD_RUNPATH_SEARCH_PATHS = (
					"$(inherited)",
					"@executable_path/Frameworks",
					"@loader_path/Frameworks",
				);
				PRODUCT_BUNDLE_IDENTIFIER = com.deeohcee.WarStarsBrowserUITests;
				PRODUCT_NAME = "$(TARGET_NAME)";
				TARGETED_DEVICE_FAMILY = "1,2";
				TEST_TARGET_NAME = WarStarsBrowser;
			};
			name = Debug;
		};
		3034699426BB441900B3FDD2 /* Release */ = {
			isa = XCBuildConfiguration;
			buildSettings = {
				CODE_SIGN_STYLE = Automatic;
				DEVELOPMENT_TEAM = HV64XLDJ5T;
				INFOPLIST_FILE = WarStarsBrowserUITests/Info.plist;
				LD_RUNPATH_SEARCH_PATHS = (
					"$(inherited)",
					"@executable_path/Frameworks",
					"@loader_path/Frameworks",
				);
				PRODUCT_BUNDLE_IDENTIFIER = com.deeohcee.WarStarsBrowserUITests;
				PRODUCT_NAME = "$(TARGET_NAME)";
				TARGETED_DEVICE_FAMILY = "1,2";
				TEST_TARGET_NAME = WarStarsBrowser;
			};
			name = Release;
		};
/* End XCBuildConfiguration section */

/* Begin XCConfigurationList section */
		3034695526BB441500B3FDD2 /* Build configuration list for PBXProject "WarStarsBrowser" */ = {
			isa = XCConfigurationList;
			buildConfigurations = (
				3034698A26BB441900B3FDD2 /* Debug */,
				3034698B26BB441900B3FDD2 /* Release */,
			);
			defaultConfigurationIsVisible = 0;
			defaultConfigurationName = Release;
		};
		3034698C26BB441900B3FDD2 /* Build configuration list for PBXNativeTarget "WarStarsBrowser" */ = {
			isa = XCConfigurationList;
			buildConfigurations = (
				3034698D26BB441900B3FDD2 /* Debug */,
				3034698E26BB441900B3FDD2 /* Release */,
			);
			defaultConfigurationIsVisible = 0;
			defaultConfigurationName = Release;
		};
		3034698F26BB441900B3FDD2 /* Build configuration list for PBXNativeTarget "WarStarsBrowserTests" */ = {
			isa = XCConfigurationList;
			buildConfigurations = (
				3034699026BB441900B3FDD2 /* Debug */,
				3034699126BB441900B3FDD2 /* Release */,
			);
			defaultConfigurationIsVisible = 0;
			defaultConfigurationName = Release;
		};
		3034699226BB441900B3FDD2 /* Build configuration list for PBXNativeTarget "WarStarsBrowserUITests" */ = {
			isa = XCConfigurationList;
			buildConfigurations = (
				3034699326BB441900B3FDD2 /* Debug */,
				3034699426BB441900B3FDD2 /* Release */,
			);
			defaultConfigurationIsVisible = 0;
			defaultConfigurationName = Release;
		};
/* End XCConfigurationList section */

/* Begin XCVersionGroup section */
		3034696926BB441500B3FDD2 /* WarStarsBrowser.xcdatamodeld */ = {
			isa = XCVersionGroup;
			children = (
				3034696A26BB441500B3FDD2 /* WarStarsBrowser.xcdatamodel */,
			);
			currentVersion = 3034696A26BB441500B3FDD2 /* WarStarsBrowser.xcdatamodel */;
			path = WarStarsBrowser.xcdatamodeld;
			sourceTree = "<group>";
			versionGroupType = wrapper.xcdatamodel;
		};
/* End XCVersionGroup section */
	};
	rootObject = 3034695226BB441500B3FDD2 /* Project object */;
}
